{
  "name": "Personal Website",
  "lockfileVersion": 2,
  "requires": true,
  "packages": {
    "": {
      "dependencies": {
        "@types/animejs": "^3.1.4"
      }
    },
    "node_modules/@types/animejs": {
      "version": "3.1.4",
      "resolved": "https://registry.npmjs.org/@types/animejs/-/animejs-3.1.4.tgz",
      "integrity": "sha512-WUjeFT2SXd6intfE6cg6eL1jk/JL88JqM2gC4WqO4iHLmbCvHUq6aoLK13lGpDWs4FtS2PHoYraJZ0dEx99Dyg=="
    }
  },
  "dependencies": {
    "@types/animejs": {
      "version": "3.1.4",
      "resolved": "https://registry.npmjs.org/@types/animejs/-/animejs-3.1.4.tgz",
      "integrity": "sha512-WUjeFT2SXd6intfE6cg6eL1jk/JL88JqM2gC4WqO4iHLmbCvHUq6aoLK13lGpDWs4FtS2PHoYraJZ0dEx99Dyg=="
    }
  }
}
